
Microsoft Visual Studio Solution File, Format Version 15.00
# Visual Studio 2017
Project("{FAE04EC0-301F-11D3-BF4B-00C04F79EFBC}") = "HW20", "HW20.csproj", "{B0973C56-BEDE-4F18-B40D-D3A1AED34C1F}"
EndProject
Global
	GlobalSection(SolutionConfigurationPlatforms) = preSolution
		Debug|Any CPU = Debug|Any CPU
		Release|Any CPU = Release|Any CPU
	EndGlobalSection
	GlobalSection(ProjectConfigurationPlatforms) = postSolution
		{B0973C56-BEDE-4F18-B40D-D3A1AED34C1F}.Debug|Any CPU.ActiveCfg = Debug|Any CPU
		{B0973C56-BEDE-4F18-B40D-D3A1AED34C1F}.Debug|Any CPU.Build.0 = Debug|Any CPU
		{B0973C56-BEDE-4F18-B40D-D3A1AED34C1F}.Release|Any CPU.ActiveCfg = Release|Any CPU
		{B0973C56-BEDE-4F18-B40D-D3A1AED34C1F}.Release|Any CPU.Build.0 = Release|Any CPU
	EndGlobalSection
EndGlobal
